<?xml version="1.0" encoding="utf-8"?>
<Project ToolsVersion="4.0" xmlns="http://schemas.microsoft.com/developer/msbuild/2003">
  <ItemGroup>
    <ClCompile Include="$(MSBuildThisFileDirectory)Memory\Malloc.cpp">
      <Filter>Memory</Filter>
    </ClCompile>
    <ClCompile Include="$(MSBuildThisFileDirectory)Job\JobQueue.cpp">
      <Filter>Job</Filter>
    </ClCompile>
    <ClCompile Include="$(MSBuildThisFileDirectory)Job\WorkThreadPool.cpp">
      <Filter>Job</Filter>
    </ClCompile>
    <ClCompile Include="$(MSBuildThisFileDirectory)DBHelper\MYSQLHelper.cpp">
      <Filter>DBHelper</Filter>
    </ClCompile>
    <ClCompile Include="$(MSBuildThisFileDirectory)DBHelper\RedisHelper.cpp">
      <Filter>DBHelper</Filter>
    </ClCompile>
    <ClCompile Include="$(MSBuildThisFileDirectory)Buffer\CRingBuffer.cpp">
      <Filter>Buffer</Filter>
    </ClCompile>
    <ClCompile Include="$(MSBuildThisFileDirectory)Buffer\CSendBuffer.cpp">
      <Filter>Buffer</Filter>
    </ClCompile>
    <ClCompile Include="$(MSBuildThisFileDirectory)Network\IOCPClient.cpp">
      <Filter>Network</Filter>
    </ClCompile>
    <ClCompile Include="$(MSBuildThisFileDirectory)Network\IOCPDummyClient.cpp">
      <Filter>Network</Filter>
    </ClCompile>
    <ClCompile Include="$(MSBuildThisFileDirectory)Network\IOCPServer.cpp">
      <Filter>Network</Filter>
    </ClCompile>
    <ClCompile Include="$(MSBuildThisFileDirectory)Profiler\CacheTracer.cpp">
      <Filter>Profiler</Filter>
    </ClCompile>
    <ClCompile Include="$(MSBuildThisFileDirectory)Profiler\GetMyThreadID.cpp">
      <Filter>Profiler</Filter>
    </ClCompile>
    <ClCompile Include="$(MSBuildThisFileDirectory)Profiler\PerformanceMonitor.cpp">
      <Filter>Profiler</Filter>
    </ClCompile>
    <ClCompile Include="$(MSBuildThisFileDirectory)rapidjson\ParseJson.cpp">
      <Filter>RapidJson</Filter>
    </ClCompile>
    <ClCompile Include="$(MSBuildThisFileDirectory)RoomSystem\Room.cpp">
      <Filter>RoomSystem</Filter>
    </ClCompile>
    <ClCompile Include="$(MSBuildThisFileDirectory)RoomSystem\RoomSystem.cpp">
      <Filter>RoomSystem</Filter>
    </ClCompile>
    <ClCompile Include="$(MSBuildThisFileDirectory)Encrypt\Encrptor.cpp">
      <Filter>Encrpyt</Filter>
    </ClCompile>
  </ItemGroup>
  <ItemGroup>
    <ClInclude Include="$(MSBuildThisFileDirectory)Memory\MakeShared.h">
      <Filter>Memory</Filter>
    </ClInclude>
    <ClInclude Include="$(MSBuildThisFileDirectory)Memory\MakeUnique.h">
      <Filter>Memory</Filter>
    </ClInclude>
    <ClInclude Include="$(MSBuildThisFileDirectory)Memory\Malloc.h">
      <Filter>Memory</Filter>
    </ClInclude>
    <ClInclude Include="$(MSBuildThisFileDirectory)Memory\MemoryHeader.h">
      <Filter>Memory</Filter>
    </ClInclude>
    <ClInclude Include="$(MSBuildThisFileDirectory)Memory\MyNew.h">
      <Filter>Memory</Filter>
    </ClInclude>
    <ClInclude Include="$(MSBuildThisFileDirectory)Memory\PoolAllocatorForSTL.h">
      <Filter>Memory</Filter>
    </ClInclude>
    <ClInclude Include="$(MSBuildThisFileDirectory)Memory\TlsMemoryPool.h">
      <Filter>Memory</Filter>
    </ClInclude>
    <ClInclude Include="$(MSBuildThisFileDirectory)Memory\TlsObjectPool.h">
      <Filter>Memory</Filter>
    </ClInclude>
    <ClInclude Include="$(MSBuildThisFileDirectory)Lock\LockGuard.h">
      <Filter>Lock</Filter>
    </ClInclude>
    <ClInclude Include="$(MSBuildThisFileDirectory)Lock\SpinLock.h">
      <Filter>Lock</Filter>
    </ClInclude>
    <ClInclude Include="$(MSBuildThisFileDirectory)Job\Job.h">
      <Filter>Job</Filter>
    </ClInclude>
    <ClInclude Include="$(MSBuildThisFileDirectory)Job\JobQueue.h">
      <Filter>Job</Filter>
    </ClInclude>
    <ClInclude Include="$(MSBuildThisFileDirectory)Job\WorkThreadPool.h">
      <Filter>Job</Filter>
    </ClInclude>
    <ClInclude Include="$(MSBuildThisFileDirectory)Job\WorkType.h">
      <Filter>Job</Filter>
    </ClInclude>
    <ClInclude Include="$(MSBuildThisFileDirectory)DebugTool\CCrashDump.h">
      <Filter>DebugTool</Filter>
    </ClInclude>
    <ClInclude Include="$(MSBuildThisFileDirectory)DebugTool\Log.h">
      <Filter>DebugTool</Filter>
    </ClInclude>
    <ClInclude Include="$(MSBuildThisFileDirectory)Memory\CommonPool.h">
      <Filter>Memory</Filter>
    </ClInclude>
    <ClInclude Include="$(MSBuildThisFileDirectory)DBHelper\MYSQLHelper.h">
      <Filter>DBHelper</Filter>
    </ClInclude>
    <ClInclude Include="$(MSBuildThisFileDirectory)DBHelper\RedisHelper.h">
      <Filter>DBHelper</Filter>
    </ClInclude>
    <ClInclude Include="$(MSBuildThisFileDirectory)Container\LockQueue.h">
      <Filter>Container</Filter>
    </ClInclude>
    <ClInclude Include="$(MSBuildThisFileDirectory)Container\LockStack.h">
      <Filter>Container</Filter>
    </ClInclude>
    <ClInclude Include="$(MSBuildThisFileDirectory)Container\MPSCQueue.h">
      <Filter>Container</Filter>
    </ClInclude>
    <ClInclude Include="$(MSBuildThisFileDirectory)Container\MyStlContainer.h">
      <Filter>Container</Filter>
    </ClInclude>
    <ClInclude Include="$(MSBuildThisFileDirectory)Buffer\CRecvBuffer.h">
      <Filter>Buffer</Filter>
    </ClInclude>
    <ClInclude Include="$(MSBuildThisFileDirectory)Buffer\CRingBuffer.h">
      <Filter>Buffer</Filter>
    </ClInclude>
    <ClInclude Include="$(MSBuildThisFileDirectory)Buffer\CSendBuffer.h">
      <Filter>Buffer</Filter>
    </ClInclude>
    <ClInclude Include="$(MSBuildThisFileDirectory)Network\IOCPClient.h">
      <Filter>Network</Filter>
    </ClInclude>
    <ClInclude Include="$(MSBuildThisFileDirectory)Network\IOCPDummyClient.h">
      <Filter>Network</Filter>
    </ClInclude>
    <ClInclude Include="$(MSBuildThisFileDirectory)Network\IOCPServer.h">
      <Filter>Network</Filter>
    </ClInclude>
    <ClInclude Include="$(MSBuildThisFileDirectory)Network\NetworkHeader.h">
      <Filter>Network</Filter>
    </ClInclude>
    <ClInclude Include="$(MSBuildThisFileDirectory)Network\Session.h">
      <Filter>Network</Filter>
    </ClInclude>
    <ClInclude Include="$(MSBuildThisFileDirectory)Profiler\CacheTracer.h">
      <Filter>Profiler</Filter>
    </ClInclude>
    <ClInclude Include="$(MSBuildThisFileDirectory)Profiler\GetMyThreadID.h">
      <Filter>Profiler</Filter>
    </ClInclude>
    <ClInclude Include="$(MSBuildThisFileDirectory)Profiler\PerformanceMonitor.h">
      <Filter>Profiler</Filter>
    </ClInclude>
    <ClInclude Include="$(MSBuildThisFileDirectory)Profiler\PerformanceProfiler.h">
      <Filter>Profiler</Filter>
    </ClInclude>
    <ClInclude Include="$(MSBuildThisFileDirectory)rapidjson\ParseJson.h">
      <Filter>RapidJson</Filter>
    </ClInclude>
    <ClInclude Include="$(MSBuildThisFileDirectory)RoomSystem\Room.h">
      <Filter>RoomSystem</Filter>
    </ClInclude>
    <ClInclude Include="$(MSBuildThisFileDirectory)RoomSystem\RoomSystem.h">
      <Filter>RoomSystem</Filter>
    </ClInclude>
    <ClInclude Include="$(MSBuildThisFileDirectory)OS\MyWindow.h">
      <Filter>OS</Filter>
    </ClInclude>
    <ClInclude Include="$(MSBuildThisFileDirectory)Container\LockFreeQueue.h">
      <Filter>Container</Filter>
    </ClInclude>
    <ClInclude Include="$(MSBuildThisFileDirectory)Container\LockFreeQueueBasic.h">
      <Filter>Container</Filter>
    </ClInclude>
    <ClInclude Include="$(MSBuildThisFileDirectory)Container\LockFreeStack.h">
      <Filter>Container</Filter>
    </ClInclude>
    <ClInclude Include="$(MSBuildThisFileDirectory)Encrypt\Encrptor.h">
      <Filter>Encrpyt</Filter>
    </ClInclude>
  </ItemGroup>
  <ItemGroup>
    <Filter Include="Buffer">
      <UniqueIdentifier>{d74587b8-e839-46cf-a946-f4fb38bedaf7}</UniqueIdentifier>
    </Filter>
    <Filter Include="RPC">
      <UniqueIdentifier>{0c5979c1-3836-41c5-941e-e013c11de6ce}</UniqueIdentifier>
    </Filter>
    <Filter Include="Memory">
      <UniqueIdentifier>{f2e04799-5a71-49c1-a77c-48e76bbdaf39}</UniqueIdentifier>
    </Filter>
    <Filter Include="Profiler">
      <UniqueIdentifier>{52b4fc8a-bbf8-45bc-9bfc-1196b18c6181}</UniqueIdentifier>
    </Filter>
    <Filter Include="Network">
      <UniqueIdentifier>{98be2cd8-835f-4c16-b966-f223d15dd07e}</UniqueIdentifier>
    </Filter>
    <Filter Include="Lock">
      <UniqueIdentifier>{7fc7e48e-446c-4d62-b1d9-df38f50a71ff}</UniqueIdentifier>
    </Filter>
    <Filter Include="Job">
      <UniqueIdentifier>{92214199-5032-4c34-a04f-6d7e31df9cc1}</UniqueIdentifier>
    </Filter>
    <Filter Include="Container">
      <UniqueIdentifier>{1f2edac6-c633-4d06-9e16-c509c107c608}</UniqueIdentifier>
    </Filter>
    <Filter Include="RapidJson">
      <UniqueIdentifier>{cfeb790b-010a-4176-9a23-9f4ff45e7195}</UniqueIdentifier>
    </Filter>
    <Filter Include="DebugTool">
      <UniqueIdentifier>{0deca990-c28c-475b-8937-505cc657d67d}</UniqueIdentifier>
    </Filter>
    <Filter Include="DBHelper">
      <UniqueIdentifier>{b0087bd7-3dd6-4105-b9a5-de8db0a292ed}</UniqueIdentifier>
    </Filter>
    <Filter Include="RoomSystem">
      <UniqueIdentifier>{ac670b13-2fd6-4292-aaa1-ef7f32885ba0}</UniqueIdentifier>
    </Filter>
    <Filter Include="OS">
      <UniqueIdentifier>{be051b42-5496-4612-b043-01b6f72678b4}</UniqueIdentifier>
    </Filter>
    <Filter Include="Encrpyt">
      <UniqueIdentifier>{32f1e076-53ea-4754-87aa-55ba619759b9}</UniqueIdentifier>
    </Filter>
  </ItemGroup>
  <ItemGroup>
    <None Include="$(MSBuildThisFileDirectory)RPC\RPCcompiler2.0.py">
      <Filter>RPC</Filter>
    </None>
  </ItemGroup>
</Project>